{
  "name": "MYPROJECT",
  "lockfileVersion": 3,
  "requires": true,
  "packages": {
    "": {
      "dependencies": {
        "fellow": "^7.4.0"
      }
    },
    "node_modules/@bevry/render": {
      "version": "1.2.0",
      "resolved": "https://registry.npmjs.org/@bevry/render/-/render-1.2.0.tgz",
      "integrity": "sha512-Hpe5ruDr0V0XiN2025fKqcTJr/qstX03uf+/XxG7s2Id9oWmYbIARQpzjQnq00thd8txYl+R5EtFDz8TO79q1Q==",
      "license": "Artistic-2.0",
      "engines": {
        "node": ">=4"
      },
      "funding": {
        "url": "https://bevry.me/fund"
      }
    },
    "node_modules/editions": {
      "version": "6.22.0",
      "resolved": "https://registry.npmjs.org/editions/-/editions-6.22.0.tgz",
      "integrity": "sha512-UgGlf8IW75je7HZjNDpJdCv4cGJWIi6yumFdZ0R7A8/CIhQiWUjyGLCxdHpd8bmyD1gnkfUNK0oeOXqUS2cpfQ==",
      "license": "Artistic-2.0",
      "dependencies": {
        "version-range": "^4.15.0"
      },
      "engines": {
        "ecmascript": ">= es5",
        "node": ">=4"
      },
      "funding": {
        "url": "https://bevry.me/fund"
      }
    },
    "node_modules/fellow": {
      "version": "7.4.0",
      "resolved": "https://registry.npmjs.org/fellow/-/fellow-7.4.0.tgz",
      "integrity": "sha512-Zt7wrWn6GfPAwR+oXPFJgkckwIdxa6BaNCPYBBO1M7vkZnXA/DFxaKGRK8Z01J+w8DY7iuZ3niurBI+dEIkXbg==",
      "license": "Artistic-2.0",
      "dependencies": {
        "@bevry/render": "^1.2.0",
        "editions": "^6.21.0"
      },
      "engines": {
        "node": ">=10"
      },
      "funding": {
        "url": "https://bevry.me/fund"
      }
    },
    "node_modules/version-range": {
      "version": "4.15.0",
      "resolved": "https://registry.npmjs.org/version-range/-/version-range-4.15.0.tgz",
      "integrity": "sha512-Ck0EJbAGxHwprkzFO966t4/5QkRuzh+/I1RxhLgUKKwEn+Cd8NwM60mE3AqBZg5gYODoXW0EFsQvbZjRlvdqbg==",
      "license": "Artistic-2.0",
      "engines": {
        "node": ">=4"
      },
      "funding": {
        "url": "https://bevry.me/fund"
      }
    }
  }
}
